
Microsoft Visual Studio Solution File, Format Version 12.00
# Visual Studio 15
VisualStudioVersion = 15.0.28010.2016
MinimumVisualStudioVersion = 10.0.40219.1
Project("{FAE04EC0-301F-11D3-BF4B-00C04F79EFBC}") = "ImgPosition", "ImgPosition\ImgPosition.csproj", "{B008235D-ED55-46C0-88B8-39E8B19ABDB7}"
EndProject
Global
	GlobalSection(SolutionConfigurationPlatforms) = preSolution
		Debug|Any CPU = Debug|Any CPU
		Release|Any CPU = Release|Any CPU
	EndGlobalSection
	GlobalSection(ProjectConfigurationPlatforms) = postSolution
		{B008235D-ED55-46C0-88B8-39E8B19ABDB7}.Debug|Any CPU.ActiveCfg = Debug|Any CPU
		{B008235D-ED55-46C0-88B8-39E8B19ABDB7}.Debug|Any CPU.Build.0 = Debug|Any CPU
		{B008235D-ED55-46C0-88B8-39E8B19ABDB7}.Release|Any CPU.ActiveCfg = Release|Any CPU
		{B008235D-ED55-46C0-88B8-39E8B19ABDB7}.Release|Any CPU.Build.0 = Release|Any CPU
	EndGlobalSection
	GlobalSection(SolutionProperties) = preSolution
		HideSolutionNode = FALSE
	EndGlobalSection
	GlobalSection(ExtensibilityGlobals) = postSolution
		SolutionGuid = {AE4A4936-9F55-4179-A863-F9B0EBB964F4}
	EndGlobalSection
EndGlobal
